
Microsoft Visual Studio Solution File, Format Version 11.00
# Visual Studio 2010
Project("{FAE04EC0-301F-11D3-BF4B-00C04F79EFBC}") = "Proje_3A", "Proje_3A\Proje_3A.csproj", "{34F1BD82-0BF2-4BBF-987D-920025BAD8B5}"
EndProject
Global
	GlobalSection(SolutionConfigurationPlatforms) = preSolution
		Debug|x86 = Debug|x86
		Release|x86 = Release|x86
	EndGlobalSection
	GlobalSection(ProjectConfigurationPlatforms) = postSolution
		{34F1BD82-0BF2-4BBF-987D-920025BAD8B5}.Debug|x86.ActiveCfg = Debug|x86
		{34F1BD82-0BF2-4BBF-987D-920025BAD8B5}.Debug|x86.Build.0 = Debug|x86
		{34F1BD82-0BF2-4BBF-987D-920025BAD8B5}.Release|x86.ActiveCfg = Release|x86
		{34F1BD82-0BF2-4BBF-987D-920025BAD8B5}.Release|x86.Build.0 = Release|x86
	EndGlobalSection
	GlobalSection(SolutionProperties) = preSolution
		HideSolutionNode = FALSE
	EndGlobalSection
EndGlobal
